{
  "name": "locked",
  "version": "1.0.0",
  "lockfileVersion": 3,
  "requires": true,
  "packages": {
    "": {
      "name": "locked",
      "version": "1.0.0",
      "license": "MIT",
      "dependencies": {
        "fake-mit": "1.0.0"
      }
    },
    "node_modules/fake-mit": {
      "version": "1.0.0",
      "license": "MIT"
    }
  }
}
